
Microsoft Visual Studio Solution File, Format Version 12.00
# Visual Studio Version 17
VisualStudioVersion = 17.4.33205.214
MinimumVisualStudioVersion = 10.0.40219.1
Project("{FAE04EC0-301F-11D3-BF4B-00C04F79EFBC}") = "ConsoleApp11ObjectsAsInClass", "ConsoleApp11ObjectsAsInClass\ConsoleApp11ObjectsAsInClass.csproj", "{FCDC020C-E41F-44D8-9C60-A4426AEC4162}"
EndProject
Global
	GlobalSection(SolutionConfigurationPlatforms) = preSolution
		Debug|Any CPU = Debug|Any CPU
		Release|Any CPU = Release|Any CPU
	EndGlobalSection
	GlobalSection(ProjectConfigurationPlatforms) = postSolution
		{FCDC020C-E41F-44D8-9C60-A4426AEC4162}.Debug|Any CPU.ActiveCfg = Debug|Any CPU
		{FCDC020C-E41F-44D8-9C60-A4426AEC4162}.Debug|Any CPU.Build.0 = Debug|Any CPU
		{FCDC020C-E41F-44D8-9C60-A4426AEC4162}.Release|Any CPU.ActiveCfg = Release|Any CPU
		{FCDC020C-E41F-44D8-9C60-A4426AEC4162}.Release|Any CPU.Build.0 = Release|Any CPU
	EndGlobalSection
	GlobalSection(SolutionProperties) = preSolution
		HideSolutionNode = FALSE
	EndGlobalSection
	GlobalSection(ExtensibilityGlobals) = postSolution
		SolutionGuid = {776140EA-9A20-4371-8F05-3B870F35795F}
	EndGlobalSection
EndGlobal
